<?xml version="1.0" encoding="utf-8"?>
<Project ToolsVersion="4.0" xmlns="http://schemas.microsoft.com/developer/msbuild/2003">
  <ItemGroup>
    <Filter Include="graph">
      <UniqueIdentifier>{c66b3cff-ac02-4260-b08b-c4ee8ef19020}</UniqueIdentifier>
    </Filter>
    <Filter Include="core">
      <UniqueIdentifier>{20ff5d45-3275-405c-9698-ac290758b1ef}</UniqueIdentifier>
    </Filter>
    <Filter Include="app">
      <UniqueIdentifier>{7da886f8-92d9-4e1b-bc4b-b4cd6f0fc1c8}</UniqueIdentifier>
    </Filter>
    <Filter Include="exports">
      <UniqueIdentifier>{cdaae859-b792-49eb-8046-af5ea4c637f4}</UniqueIdentifier>
    </Filter>
  </ItemGroup>
  <ItemGroup>
    <None Include="..\BUILD" />
    <None Include="..\graphs\holistic_landmarks.pbtxt">
      <Filter>graph</Filter>
    </None>
    <None Include="..\graphs\multi_face_geometry.pbtxt">
      <Filter>graph</Filter>
    </None>
    <None Include="..\graphs\multi_face_landmarks.pbtxt">
      <Filter>graph</Filter>
    </None>
    <None Include="..\graphs\face_landmarks_with_iris.pbtxt">
      <Filter>graph</Filter>
    </None>
    <None Include="..\graphs\multi_hand_landmarks.pbtxt">
      <Filter>graph</Filter>
    </None>
    <None Include="..\graphs\pose_landmarks.pbtxt">
      <Filter>graph</Filter>
    </None>
  </ItemGroup>
  <ItemGroup>
    <ClInclude Include="..\ump_pipeline.h">
      <Filter>core</Filter>
    </ClInclude>
    <ClInclude Include="..\ump_profiler.h">
      <Filter>core</Filter>
    </ClInclude>
    <ClInclude Include="..\ump_shared.h">
      <Filter>core</Filter>
    </ClInclude>
    <ClInclude Include="..\ump_object.h">
      <Filter>core</Filter>
    </ClInclude>
    <ClInclude Include="..\ump_context.h">
      <Filter>core</Filter>
    </ClInclude>
    <ClInclude Include="..\ump_observer.h">
      <Filter>core</Filter>
    </ClInclude>
    <ClInclude Include="..\ump_frame.h">
      <Filter>core</Filter>
    </ClInclude>
    <ClInclude Include="..\protobuf.h">
      <Filter>core</Filter>
    </ClInclude>
    <ClInclude Include="..\ump_dll.h">
      <Filter>app</Filter>
    </ClInclude>
    <ClInclude Include="..\face_geometry_packet.h">
      <Filter>core</Filter>
    </ClInclude>
    <ClInclude Include="..\landmarks_packet.h">
      <Filter>core</Filter>
    </ClInclude>
    <ClInclude Include="..\ump_commons.h">
      <Filter>exports</Filter>
    </ClInclude>
    <ClInclude Include="..\ump_api.h">
      <Filter>exports</Filter>
    </ClInclude>
    <ClInclude Include="..\packet.h">
      <Filter>core</Filter>
    </ClInclude>
    <ClInclude Include="..\classification_packet.h">
      <Filter>core</Filter>
    </ClInclude>
    <ClInclude Include="..\packet_api.h">
      <Filter>core</Filter>
    </ClInclude>
    <ClInclude Include="..\ump_packet.h">
      <Filter>exports</Filter>
    </ClInclude>
    <ClInclude Include="..\dummy_packet_callback.h">
      <Filter>app</Filter>
    </ClInclude>
  </ItemGroup>
  <ItemGroup>
    <ClCompile Include="..\ump_pipeline.cc">
      <Filter>core</Filter>
    </ClCompile>
    <ClCompile Include="..\ump_app.cc">
      <Filter>app</Filter>
    </ClCompile>
    <ClCompile Include="..\ump_dll.cc">
      <Filter>app</Filter>
    </ClCompile>
    <ClCompile Include="..\ump_context.cc">
      <Filter>core</Filter>
    </ClCompile>
    <ClCompile Include="..\packet.cc">
      <Filter>core</Filter>
    </ClCompile>
    <ClCompile Include="..\protobuf.cc">
      <Filter>core</Filter>
    </ClCompile>
    <ClCompile Include="..\face_geometry_packet.cc">
      <Filter>core</Filter>
    </ClCompile>
    <ClCompile Include="..\landmarks_packet.cc">
      <Filter>core</Filter>
    </ClCompile>
    <ClCompile Include="..\packet_api.cc">
      <Filter>core</Filter>
    </ClCompile>
    <ClCompile Include="..\classification_packet.cc">
      <Filter>core</Filter>
    </ClCompile>
    <ClCompile Include="..\dummy_packet_callback.cc">
      <Filter>app</Filter>
    </ClCompile>
  </ItemGroup>
</Project>